
Microsoft Visual Studio Solution File, Format Version 12.00
# Visual Studio Version 17
VisualStudioVersion = 17.7.34221.43
MinimumVisualStudioVersion = 10.0.40219.1
Project("{FAE04EC0-301F-11D3-BF4B-00C04F79EFBC}") = "webAPI", "webAPI\webAPI.csproj", "{F14E3482-826F-4189-93ED-30C80930EA41}"
EndProject
Global
	GlobalSection(SolutionConfigurationPlatforms) = preSolution
		Debug|Any CPU = Debug|Any CPU
		Release|Any CPU = Release|Any CPU
	EndGlobalSection
	GlobalSection(ProjectConfigurationPlatforms) = postSolution
		{F14E3482-826F-4189-93ED-30C80930EA41}.Debug|Any CPU.ActiveCfg = Debug|Any CPU
		{F14E3482-826F-4189-93ED-30C80930EA41}.Debug|Any CPU.Build.0 = Debug|Any CPU
		{F14E3482-826F-4189-93ED-30C80930EA41}.Release|Any CPU.ActiveCfg = Release|Any CPU
		{F14E3482-826F-4189-93ED-30C80930EA41}.Release|Any CPU.Build.0 = Release|Any CPU
	EndGlobalSection
	GlobalSection(SolutionProperties) = preSolution
		HideSolutionNode = FALSE
	EndGlobalSection
	GlobalSection(ExtensibilityGlobals) = postSolution
		SolutionGuid = {888BC75C-AFF2-4E45-AF75-3612FEC11B3D}
	EndGlobalSection
EndGlobal
